// !$*UTF8*$!
{
	archiveVersion = 1;
	classes = {
	};
	objectVersion = 56;
	objects = {

/* Begin PBXBuildFile section */
		CE0755722A2090BE00114E6B /* ReferenceGenerator.swift in Sources */ = {isa = PBXBuildFile; fileRef = CE0755712A2090BE00114E6B /* ReferenceGenerator.swift */; };
		CE0755742A20911E00114E6B /* UIColor+Extension.swift in Sources */ = {isa = PBXBuildFile; fileRef = CE0755732A20911E00114E6B /* UIColor+Extension.swift */; };
		CE0755772A2093D600114E6B /* String+Extension.swift in Sources */ = {isa = PBXBuildFile; fileRef = CE0755762A2093D600114E6B /* String+Extension.swift */; };
		CE8F90982A20593C00BFAD0F /* AppDelegate.swift in Sources */ = {isa = PBXBuildFile; fileRef = CE8F90972A20593C00BFAD0F /* AppDelegate.swift */; };
		CE8F90A12A20593D00BFAD0F /* Assets.xcassets in Resources */ = {isa = PBXBuildFile; fileRef = CE8F90A02A20593D00BFAD0F /* Assets.xcassets */; };
		CE8F90A42A20593D00BFAD0F /* LaunchScreen.storyboard in Resources */ = {isa = PBXBuildFile; fileRef = CE8F90A22A20593D00BFAD0F /* LaunchScreen.storyboard */; };
		CE8F90BC2A2060F600BFAD0F /* MainViewController.swift in Sources */ = {isa = PBXBuildFile; fileRef = CE8F90BB2A2060F600BFAD0F /* MainViewController.swift */; };
		CE8F90BE2A20610C00BFAD0F /* FavoritesViewController.swift in Sources */ = {isa = PBXBuildFile; fileRef = CE8F90BD2A20610C00BFAD0F /* FavoritesViewController.swift */; };
		CE8F90C32A2062AF00BFAD0F /* UIViewController+Extension.swift in Sources */ = {isa = PBXBuildFile; fileRef = CE8F90C22A2062AF00BFAD0F /* UIViewController+Extension.swift */; };
		CE8F90C72A207E0D00BFAD0F /* AppCoordinator.swift in Sources */ = {isa = PBXBuildFile; fileRef = CE8F90C62A207E0D00BFAD0F /* AppCoordinator.swift */; };
		CE8F90C92A207FBA00BFAD0F /* FavoritesPresenter.swift in Sources */ = {isa = PBXBuildFile; fileRef = CE8F90C82A207FBA00BFAD0F /* FavoritesPresenter.swift */; };
		CE8F90CB2A207FD000BFAD0F /* MainPresenter.swift in Sources */ = {isa = PBXBuildFile; fileRef = CE8F90CA2A207FD000BFAD0F /* MainPresenter.swift */; };
		CEDAA7892A20ACC500EEC5BD /* MainViewProtocol.swift in Sources */ = {isa = PBXBuildFile; fileRef = CEDAA7882A20ACC500EEC5BD /* MainViewProtocol.swift */; };
		CEDAA78D2A20AE4200EEC5BD /* ImageService.swift in Sources */ = {isa = PBXBuildFile; fileRef = CEDAA78C2A20AE4200EEC5BD /* ImageService.swift */; };
		CEDAA78F2A20AFE300EEC5BD /* FavoritesService.swift in Sources */ = {isa = PBXBuildFile; fileRef = CEDAA78E2A20AFE300EEC5BD /* FavoritesService.swift */; };
		CEDAA7912A21C39500EEC5BD /* ImageData.swift in Sources */ = {isa = PBXBuildFile; fileRef = CEDAA7902A21C39500EEC5BD /* ImageData.swift */; };
		CEDAA7932A21DCEF00EEC5BD /* MainView.xib in Resources */ = {isa = PBXBuildFile; fileRef = CEDAA7922A21DCEF00EEC5BD /* MainView.xib */; };
		CEDAA7952A21E0AA00EEC5BD /* FavoritesView.xib in Resources */ = {isa = PBXBuildFile; fileRef = CEDAA7942A21E0AA00EEC5BD /* FavoritesView.xib */; };
		CEDAA7972A21E11800EEC5BD /* ModuleBuilder.swift in Sources */ = {isa = PBXBuildFile; fileRef = CEDAA7962A21E11800EEC5BD /* ModuleBuilder.swift */; };
		CEDAA79A2A21E52F00EEC5BD /* FavoritesViewProtocols.swift in Sources */ = {isa = PBXBuildFile; fileRef = CEDAA7992A21E52F00EEC5BD /* FavoritesViewProtocols.swift */; };
		CEDAA79C2A21F5B100EEC5BD /* Common.swift in Sources */ = {isa = PBXBuildFile; fileRef = CEDAA79B2A21F5B100EEC5BD /* Common.swift */; };
		CEDAA79E2A22058A00EEC5BD /* Vibration.swift in Sources */ = {isa = PBXBuildFile; fileRef = CEDAA79D2A22058A00EEC5BD /* Vibration.swift */; };
		CEDAA7A02A22062F00EEC5BD /* AnimationManager.swift in Sources */ = {isa = PBXBuildFile; fileRef = CEDAA79F2A22062F00EEC5BD /* AnimationManager.swift */; };
		CEDAA7A22A2300CC00EEC5BD /* RequestCounterManager.swift in Sources */ = {isa = PBXBuildFile; fileRef = CEDAA7A12A2300CC00EEC5BD /* RequestCounterManager.swift */; };
		CEDAA7A42A233FE100EEC5BD /* TouchableButton.swift in Sources */ = {isa = PBXBuildFile; fileRef = CEDAA7A32A233FE100EEC5BD /* TouchableButton.swift */; };
		CEDAA7A62A23400C00EEC5BD /* AppButton.swift in Sources */ = {isa = PBXBuildFile; fileRef = CEDAA7A52A23400C00EEC5BD /* AppButton.swift */; };
		CEDAA7AA2A235D9300EEC5BD /* AlertManager.swift in Sources */ = {isa = PBXBuildFile; fileRef = CEDAA7A92A235D9300EEC5BD /* AlertManager.swift */; };
		CEDAA7AE2A2373AC00EEC5BD /* FavoriteCell.swift in Sources */ = {isa = PBXBuildFile; fileRef = CEDAA7AC2A2373AC00EEC5BD /* FavoriteCell.swift */; };
		CEDAA7AF2A2373AC00EEC5BD /* FavoriteCell.xib in Resources */ = {isa = PBXBuildFile; fileRef = CEDAA7AD2A2373AC00EEC5BD /* FavoriteCell.xib */; };
		CEDAA7B42A23D5EF00EEC5BD /* Localizable.strings in Resources */ = {isa = PBXBuildFile; fileRef = CEDAA7B32A23D5EF00EEC5BD /* Localizable.strings */; };
/* End PBXBuildFile section */

/* Begin PBXFileReference section */
		CE0755712A2090BE00114E6B /* ReferenceGenerator.swift */ = {isa = PBXFileReference; lastKnownFileType = sourcecode.swift; path = ReferenceGenerator.swift; sourceTree = "<group>"; };
		CE0755732A20911E00114E6B /* UIColor+Extension.swift */ = {isa = PBXFileReference; lastKnownFileType = sourcecode.swift; path = "UIColor+Extension.swift"; sourceTree = "<group>"; };
		CE0755762A2093D600114E6B /* String+Extension.swift */ = {isa = PBXFileReference; lastKnownFileType = sourcecode.swift; path = "String+Extension.swift"; sourceTree = "<group>"; };
		CE8F90942A20593C00BFAD0F /* ImageGenerator.app */ = {isa = PBXFileReference; explicitFileType = wrapper.application; includeInIndex = 0; path = ImageGenerator.app; sourceTree = BUILT_PRODUCTS_DIR; };
		CE8F90972A20593C00BFAD0F /* AppDelegate.swift */ = {isa = PBXFileReference; lastKnownFileType = sourcecode.swift; path = AppDelegate.swift; sourceTree = "<group>"; };
		CE8F90A02A20593D00BFAD0F /* Assets.xcassets */ = {isa = PBXFileReference; lastKnownFileType = folder.assetcatalog; path = Assets.xcassets; sourceTree = "<group>"; };
		CE8F90A32A20593D00BFAD0F /* Base */ = {isa = PBXFileReference; lastKnownFileType = file.storyboard; name = Base; path = Base.lproj/LaunchScreen.storyboard; sourceTree = "<group>"; };
		CE8F90A52A20593D00BFAD0F /* Info.plist */ = {isa = PBXFileReference; lastKnownFileType = text.plist.xml; path = Info.plist; sourceTree = "<group>"; };
		CE8F90BB2A2060F600BFAD0F /* MainViewController.swift */ = {isa = PBXFileReference; lastKnownFileType = sourcecode.swift; path = MainViewController.swift; sourceTree = "<group>"; };
		CE8F90BD2A20610C00BFAD0F /* FavoritesViewController.swift */ = {isa = PBXFileReference; lastKnownFileType = sourcecode.swift; path = FavoritesViewController.swift; sourceTree = "<group>"; };
		CE8F90C22A2062AF00BFAD0F /* UIViewController+Extension.swift */ = {isa = PBXFileReference; lastKnownFileType = sourcecode.swift; path = "UIViewController+Extension.swift"; sourceTree = "<group>"; };
		CE8F90C62A207E0D00BFAD0F /* AppCoordinator.swift */ = {isa = PBXFileReference; lastKnownFileType = sourcecode.swift; path = AppCoordinator.swift; sourceTree = "<group>"; };
		CE8F90C82A207FBA00BFAD0F /* FavoritesPresenter.swift */ = {isa = PBXFileReference; lastKnownFileType = sourcecode.swift; path = FavoritesPresenter.swift; sourceTree = "<group>"; };
		CE8F90CA2A207FD000BFAD0F /* MainPresenter.swift */ = {isa = PBXFileReference; lastKnownFileType = sourcecode.swift; path = MainPresenter.swift; sourceTree = "<group>"; };
		CEDAA7882A20ACC500EEC5BD /* MainViewProtocol.swift */ = {isa = PBXFileReference; lastKnownFileType = sourcecode.swift; path = MainViewProtocol.swift; sourceTree = "<group>"; };
		CEDAA78C2A20AE4200EEC5BD /* ImageService.swift */ = {isa = PBXFileReference; lastKnownFileType = sourcecode.swift; path = ImageService.swift; sourceTree = "<group>"; };
		CEDAA78E2A20AFE300EEC5BD /* FavoritesService.swift */ = {isa = PBXFileReference; lastKnownFileType = sourcecode.swift; path = FavoritesService.swift; sourceTree = "<group>"; };
		CEDAA7902A21C39500EEC5BD /* ImageData.swift */ = {isa = PBXFileReference; lastKnownFileType = sourcecode.swift; path = ImageData.swift; sourceTree = "<group>"; };
		CEDAA7922A21DCEF00EEC5BD /* MainView.xib */ = {isa = PBXFileReference; lastKnownFileType = file.xib; path = MainView.xib; sourceTree = "<group>"; };
		CEDAA7942A21E0AA00EEC5BD /* FavoritesView.xib */ = {isa = PBXFileReference; lastKnownFileType = file.xib; path = FavoritesView.xib; sourceTree = "<group>"; };
		CEDAA7962A21E11800EEC5BD /* ModuleBuilder.swift */ = {isa = PBXFileReference; lastKnownFileType = sourcecode.swift; path = ModuleBuilder.swift; sourceTree = "<group>"; };
		CEDAA7992A21E52F00EEC5BD /* FavoritesViewProtocols.swift */ = {isa = PBXFileReference; lastKnownFileType = sourcecode.swift; path = FavoritesViewProtocols.swift; sourceTree = "<group>"; };
		CEDAA79B2A21F5B100EEC5BD /* Common.swift */ = {isa = PBXFileReference; lastKnownFileType = sourcecode.swift; path = Common.swift; sourceTree = "<group>"; };
		CEDAA79D2A22058A00EEC5BD /* Vibration.swift */ = {isa = PBXFileReference; lastKnownFileType = sourcecode.swift; path = Vibration.swift; sourceTree = "<group>"; };
		CEDAA79F2A22062F00EEC5BD /* AnimationManager.swift */ = {isa = PBXFileReference; lastKnownFileType = sourcecode.swift; path = AnimationManager.swift; sourceTree = "<group>"; };
		CEDAA7A12A2300CC00EEC5BD /* RequestCounterManager.swift */ = {isa = PBXFileReference; lastKnownFileType = sourcecode.swift; path = RequestCounterManager.swift; sourceTree = "<group>"; };
		CEDAA7A32A233FE100EEC5BD /* TouchableButton.swift */ = {isa = PBXFileReference; lastKnownFileType = sourcecode.swift; path = TouchableButton.swift; sourceTree = "<group>"; };
		CEDAA7A52A23400C00EEC5BD /* AppButton.swift */ = {isa = PBXFileReference; lastKnownFileType = sourcecode.swift; path = AppButton.swift; sourceTree = "<group>"; };
		CEDAA7A92A235D9300EEC5BD /* AlertManager.swift */ = {isa = PBXFileReference; lastKnownFileType = sourcecode.swift; path = AlertManager.swift; sourceTree = "<group>"; };
		CEDAA7AC2A2373AC00EEC5BD /* FavoriteCell.swift */ = {isa = PBXFileReference; lastKnownFileType = sourcecode.swift; path = FavoriteCell.swift; sourceTree = "<group>"; };
		CEDAA7AD2A2373AC00EEC5BD /* FavoriteCell.xib */ = {isa = PBXFileReference; lastKnownFileType = file.xib; path = FavoriteCell.xib; sourceTree = "<group>"; };
		CEDAA7B32A23D5EF00EEC5BD /* Localizable.strings */ = {isa = PBXFileReference; lastKnownFileType = text.plist.strings; path = Localizable.strings; sourceTree = "<group>"; };
/* End PBXFileReference section */

/* Begin PBXFrameworksBuildPhase section */
		CE8F90912A20593C00BFAD0F /* Frameworks */ = {
			isa = PBXFrameworksBuildPhase;
			buildActionMask = 2147483647;
			files = (
			);
			runOnlyForDeploymentPostprocessing = 0;
		};
/* End PBXFrameworksBuildPhase section */

/* Begin PBXGroup section */
		CE0755752A2093C700114E6B /* String */ = {
			isa = PBXGroup;
			children = (
				CE0755762A2093D600114E6B /* String+Extension.swift */,
			);
			path = String;
			sourceTree = "<group>";
		};
		CE0755782A2093F500114E6B /* UIColor */ = {
			isa = PBXGroup;
			children = (
				CE0755732A20911E00114E6B /* UIColor+Extension.swift */,
			);
			path = UIColor;
			sourceTree = "<group>";
		};
		CE0755792A20AAC200114E6B /* Resources */ = {
			isa = PBXGroup;
			children = (
				CEDAA7B22A23D5DB00EEC5BD /* Localization */,
				CE8F90A22A20593D00BFAD0F /* LaunchScreen.storyboard */,
				CE8F90A02A20593D00BFAD0F /* Assets.xcassets */,
			);
			path = Resources;
			sourceTree = "<group>";
		};
		CE8F908B2A20593C00BFAD0F = {
			isa = PBXGroup;
			children = (
				CE8F90962A20593C00BFAD0F /* ImageGenerator */,
				CE8F90952A20593C00BFAD0F /* Products */,
			);
			sourceTree = "<group>";
		};
		CE8F90952A20593C00BFAD0F /* Products */ = {
			isa = PBXGroup;
			children = (
				CE8F90942A20593C00BFAD0F /* ImageGenerator.app */,
			);
			name = Products;
			sourceTree = "<group>";
		};
		CE8F90962A20593C00BFAD0F /* ImageGenerator */ = {
			isa = PBXGroup;
			children = (
				CE8F90AD2A205D8100BFAD0F /* Common */,
				CEDAA7872A20AB6400EEC5BD /* Sources */,
				CE8F90AC2A205D7000BFAD0F /* Extensions */,
				CE8F90972A20593C00BFAD0F /* AppDelegate.swift */,
				CE8F90A52A20593D00BFAD0F /* Info.plist */,
				CE0755792A20AAC200114E6B /* Resources */,
			);
			path = ImageGenerator;
			sourceTree = "<group>";
		};
		CE8F90AB2A205CE300BFAD0F /* Modules */ = {
			isa = PBXGroup;
			children = (
				CE8F90B22A205E7D00BFAD0F /* Main */,
				CE8F90AE2A205E7D00BFAD0F /* Favorites */,
			);
			path = Modules;
			sourceTree = "<group>";
		};
		CE8F90AC2A205D7000BFAD0F /* Extensions */ = {
			isa = PBXGroup;
			children = (
				CE0755752A2093C700114E6B /* String */,
				CE8F90C12A20629E00BFAD0F /* UIViewController */,
				CE0755782A2093F500114E6B /* UIColor */,
			);
			path = Extensions;
			sourceTree = "<group>";
		};
		CE8F90AD2A205D8100BFAD0F /* Common */ = {
			isa = PBXGroup;
			children = (
				CEDAA79B2A21F5B100EEC5BD /* Common.swift */,
			);
			path = Common;
			sourceTree = "<group>";
		};
		CE8F90AE2A205E7D00BFAD0F /* Favorites */ = {
			isa = PBXGroup;
			children = (
				CE8F90B12A205E7D00BFAD0F /* View */,
				CEDAA7982A21E50F00EEC5BD /* Protocols */,
				CE8F90AF2A205E7D00BFAD0F /* Presenter */,
			);
			path = Favorites;
			sourceTree = "<group>";
		};
		CE8F90AF2A205E7D00BFAD0F /* Presenter */ = {
			isa = PBXGroup;
			children = (
				CE8F90C82A207FBA00BFAD0F /* FavoritesPresenter.swift */,
			);
			path = Presenter;
			sourceTree = "<group>";
		};
		CE8F90B12A205E7D00BFAD0F /* View */ = {
			isa = PBXGroup;
			children = (
				CEDAA7AB2A23738600EEC5BD /* Cell */,
				CE8F90BD2A20610C00BFAD0F /* FavoritesViewController.swift */,
				CEDAA7942A21E0AA00EEC5BD /* FavoritesView.xib */,
			);
			path = View;
			sourceTree = "<group>";
		};
		CE8F90B22A205E7D00BFAD0F /* Main */ = {
			isa = PBXGroup;
			children = (
				CE8F90B52A205E7D00BFAD0F /* View */,
				CE8F90B32A205E7D00BFAD0F /* Presenter */,
				CEDAA78A2A20ACEA00EEC5BD /* Protocols */,
			);
			path = Main;
			sourceTree = "<group>";
		};
		CE8F90B32A205E7D00BFAD0F /* Presenter */ = {
			isa = PBXGroup;
			children = (
				CE8F90CA2A207FD000BFAD0F /* MainPresenter.swift */,
			);
			path = Presenter;
			sourceTree = "<group>";
		};
		CE8F90B52A205E7D00BFAD0F /* View */ = {
			isa = PBXGroup;
			children = (
				CE8F90BB2A2060F600BFAD0F /* MainViewController.swift */,
				CEDAA7922A21DCEF00EEC5BD /* MainView.xib */,
			);
			path = View;
			sourceTree = "<group>";
		};
		CE8F90B62A205F4200BFAD0F /* Entity */ = {
			isa = PBXGroup;
			children = (
				CEDAA7902A21C39500EEC5BD /* ImageData.swift */,
			);
			path = Entity;
			sourceTree = "<group>";
		};
		CE8F90C12A20629E00BFAD0F /* UIViewController */ = {
			isa = PBXGroup;
			children = (
				CE8F90C22A2062AF00BFAD0F /* UIViewController+Extension.swift */,
			);
			path = UIViewController;
			sourceTree = "<group>";
		};
		CE8F90C52A207DFC00BFAD0F /* AppCoordinator */ = {
			isa = PBXGroup;
			children = (
				CE8F90C62A207E0D00BFAD0F /* AppCoordinator.swift */,
				CEDAA7962A21E11800EEC5BD /* ModuleBuilder.swift */,
			);
			path = AppCoordinator;
			sourceTree = "<group>";
		};
		CEDAA7872A20AB6400EEC5BD /* Sources */ = {
			isa = PBXGroup;
			children = (
				CE8F90B62A205F4200BFAD0F /* Entity */,
				CE8F90C52A207DFC00BFAD0F /* AppCoordinator */,
				CE8F90AB2A205CE300BFAD0F /* Modules */,
				CEDAA7A72A235CA000EEC5BD /* Managers */,
				CEDAA78B2A20AE2900EEC5BD /* Services */,
				CEDAA7A82A235D0E00EEC5BD /* CustomUI */,
			);
			path = Sources;
			sourceTree = "<group>";
		};
		CEDAA78A2A20ACEA00EEC5BD /* Protocols */ = {
			isa = PBXGroup;
			children = (
				CEDAA7882A20ACC500EEC5BD /* MainViewProtocol.swift */,
			);
			path = Protocols;
			sourceTree = "<group>";
		};
		CEDAA78B2A20AE2900EEC5BD /* Services */ = {
			isa = PBXGroup;
			children = (
				CEDAA78C2A20AE4200EEC5BD /* ImageService.swift */,
				CEDAA78E2A20AFE300EEC5BD /* FavoritesService.swift */,
			);
			path = Services;
			sourceTree = "<group>";
		};
		CEDAA7982A21E50F00EEC5BD /* Protocols */ = {
			isa = PBXGroup;
			children = (
				CEDAA7992A21E52F00EEC5BD /* FavoritesViewProtocols.swift */,
			);
			path = Protocols;
			sourceTree = "<group>";
		};
		CEDAA7A72A235CA000EEC5BD /* Managers */ = {
			isa = PBXGroup;
			children = (
				CE0755712A2090BE00114E6B /* ReferenceGenerator.swift */,
				CEDAA79F2A22062F00EEC5BD /* AnimationManager.swift */,
				CEDAA7A12A2300CC00EEC5BD /* RequestCounterManager.swift */,
				CEDAA79D2A22058A00EEC5BD /* Vibration.swift */,
				CEDAA7A92A235D9300EEC5BD /* AlertManager.swift */,
			);
			path = Managers;
			sourceTree = "<group>";
		};
		CEDAA7A82A235D0E00EEC5BD /* CustomUI */ = {
			isa = PBXGroup;
			children = (
				CEDAA7A52A23400C00EEC5BD /* AppButton.swift */,
				CEDAA7A32A233FE100EEC5BD /* TouchableButton.swift */,
			);
			path = CustomUI;
			sourceTree = "<group>";
		};
		CEDAA7AB2A23738600EEC5BD /* Cell */ = {
			isa = PBXGroup;
			children = (
				CEDAA7AC2A2373AC00EEC5BD /* FavoriteCell.swift */,
				CEDAA7AD2A2373AC00EEC5BD /* FavoriteCell.xib */,
			);
			path = Cell;
			sourceTree = "<group>";
		};
		CEDAA7B22A23D5DB00EEC5BD /* Localization */ = {
			isa = PBXGroup;
			children = (
				CEDAA7B32A23D5EF00EEC5BD /* Localizable.strings */,
			);
			path = Localization;
			sourceTree = "<group>";
		};
/* End PBXGroup section */

/* Begin PBXNativeTarget section */
		CE8F90932A20593C00BFAD0F /* ImageGenerator */ = {
			isa = PBXNativeTarget;
			buildConfigurationList = CE8F90A82A20593D00BFAD0F /* Build configuration list for PBXNativeTarget "ImageGenerator" */;
			buildPhases = (
				CE8F90902A20593C00BFAD0F /* Sources */,
				CE8F90912A20593C00BFAD0F /* Frameworks */,
				CE8F90922A20593C00BFAD0F /* Resources */,
			);
			buildRules = (
			);
			dependencies = (
			);
			name = ImageGenerator;
			productName = ImageGenerator;
			productReference = CE8F90942A20593C00BFAD0F /* ImageGenerator.app */;
			productType = "com.apple.product-type.application";
		};
/* End PBXNativeTarget section */

/* Begin PBXProject section */
		CE8F908C2A20593C00BFAD0F /* Project object */ = {
			isa = PBXProject;
			attributes = {
				BuildIndependentTargetsInParallel = 1;
				LastSwiftUpdateCheck = 1410;
				LastUpgradeCheck = 1410;
				TargetAttributes = {
					CE8F90932A20593C00BFAD0F = {
						CreatedOnToolsVersion = 14.1;
					};
				};
			};
			buildConfigurationList = CE8F908F2A20593C00BFAD0F /* Build configuration list for PBXProject "ImageGenerator" */;
			compatibilityVersion = "Xcode 14.0";
			developmentRegion = en;
			hasScannedForEncodings = 0;
			knownRegions = (
				en,
				Base,
			);
			mainGroup = CE8F908B2A20593C00BFAD0F;
			productRefGroup = CE8F90952A20593C00BFAD0F /* Products */;
			projectDirPath = "";
			projectRoot = "";
			targets = (
				CE8F90932A20593C00BFAD0F /* ImageGenerator */,
			);
		};
/* End PBXProject section */

/* Begin PBXResourcesBuildPhase section */
		CE8F90922A20593C00BFAD0F /* Resources */ = {
			isa = PBXResourcesBuildPhase;
			buildActionMask = 2147483647;
			files = (
				CEDAA7952A21E0AA00EEC5BD /* FavoritesView.xib in Resources */,
				CEDAA7B42A23D5EF00EEC5BD /* Localizable.strings in Resources */,
				CE8F90A42A20593D00BFAD0F /* LaunchScreen.storyboard in Resources */,
				CE8F90A12A20593D00BFAD0F /* Assets.xcassets in Resources */,
				CEDAA7932A21DCEF00EEC5BD /* MainView.xib in Resources */,
				CEDAA7AF2A2373AC00EEC5BD /* FavoriteCell.xib in Resources */,
			);
			runOnlyForDeploymentPostprocessing = 0;
		};
/* End PBXResourcesBuildPhase section */

/* Begin PBXSourcesBuildPhase section */
		CE8F90902A20593C00BFAD0F /* Sources */ = {
			isa = PBXSourcesBuildPhase;
			buildActionMask = 2147483647;
			files = (
				CEDAA78F2A20AFE300EEC5BD /* FavoritesService.swift in Sources */,
				CE8F90C32A2062AF00BFAD0F /* UIViewController+Extension.swift in Sources */,
				CEDAA7AE2A2373AC00EEC5BD /* FavoriteCell.swift in Sources */,
				CE8F90CB2A207FD000BFAD0F /* MainPresenter.swift in Sources */,
				CEDAA7A62A23400C00EEC5BD /* AppButton.swift in Sources */,
				CEDAA79C2A21F5B100EEC5BD /* Common.swift in Sources */,
				CE0755742A20911E00114E6B /* UIColor+Extension.swift in Sources */,
				CE0755772A2093D600114E6B /* String+Extension.swift in Sources */,
				CEDAA7AA2A235D9300EEC5BD /* AlertManager.swift in Sources */,
				CE8F90C72A207E0D00BFAD0F /* AppCoordinator.swift in Sources */,
				CE8F90BC2A2060F600BFAD0F /* MainViewController.swift in Sources */,
				CEDAA7912A21C39500EEC5BD /* ImageData.swift in Sources */,
				CE8F90BE2A20610C00BFAD0F /* FavoritesViewController.swift in Sources */,
				CEDAA7A42A233FE100EEC5BD /* TouchableButton.swift in Sources */,
				CEDAA79E2A22058A00EEC5BD /* Vibration.swift in Sources */,
				CEDAA79A2A21E52F00EEC5BD /* FavoritesViewProtocols.swift in Sources */,
				CEDAA7892A20ACC500EEC5BD /* MainViewProtocol.swift in Sources */,
				CEDAA7972A21E11800EEC5BD /* ModuleBuilder.swift in Sources */,
				CE8F90982A20593C00BFAD0F /* AppDelegate.swift in Sources */,
				CE0755722A2090BE00114E6B /* ReferenceGenerator.swift in Sources */,
				CE8F90C92A207FBA00BFAD0F /* FavoritesPresenter.swift in Sources */,
				CEDAA7A22A2300CC00EEC5BD /* RequestCounterManager.swift in Sources */,
				CEDAA7A02A22062F00EEC5BD /* AnimationManager.swift in Sources */,
				CEDAA78D2A20AE4200EEC5BD /* ImageService.swift in Sources */,
			);
			runOnlyForDeploymentPostprocessing = 0;
		};
/* End PBXSourcesBuildPhase section */

/* Begin PBXVariantGroup section */
		CE8F90A22A20593D00BFAD0F /* LaunchScreen.storyboard */ = {
			isa = PBXVariantGroup;
			children = (
				CE8F90A32A20593D00BFAD0F /* Base */,
			);
			name = LaunchScreen.storyboard;
			sourceTree = "<group>";
		};
/* End PBXVariantGroup section */

/* Begin XCBuildConfiguration section */
		CE8F90A62A20593D00BFAD0F /* Debug */ = {
			isa = XCBuildConfiguration;
			buildSettings = {
				ALWAYS_SEARCH_USER_PATHS = NO;
				CLANG_ANALYZER_NONNULL = YES;
				CLANG_ANALYZER_NUMBER_OBJECT_CONVERSION = YES_AGGRESSIVE;
				CLANG_CXX_LANGUAGE_STANDARD = "gnu++20";
				CLANG_ENABLE_MODULES = YES;
				CLANG_ENABLE_OBJC_ARC = YES;
				CLANG_ENABLE_OBJC_WEAK = YES;
				CLANG_WARN_BLOCK_CAPTURE_AUTORELEASING = YES;
				CLANG_WARN_BOOL_CONVERSION = YES;
				CLANG_WARN_COMMA = YES;
				CLANG_WARN_CONSTANT_CONVERSION = YES;
				CLANG_WARN_DEPRECATED_OBJC_IMPLEMENTATIONS = YES;
				CLANG_WARN_DIRECT_OBJC_ISA_USAGE = YES_ERROR;
				CLANG_WARN_DOCUMENTATION_COMMENTS = YES;
				CLANG_WARN_EMPTY_BODY = YES;
				CLANG_WARN_ENUM_CONVERSION = YES;
				CLANG_WARN_INFINITE_RECURSION = YES;
				CLANG_WARN_INT_CONVERSION = YES;
				CLANG_WARN_NON_LITERAL_NULL_CONVERSION = YES;
				CLANG_WARN_OBJC_IMPLICIT_RETAIN_SELF = YES;
				CLANG_WARN_OBJC_LITERAL_CONVERSION = YES;
				CLANG_WARN_OBJC_ROOT_CLASS = YES_ERROR;
				CLANG_WARN_QUOTED_INCLUDE_IN_FRAMEWORK_HEADER = YES;
				CLANG_WARN_RANGE_LOOP_ANALYSIS = YES;
				CLANG_WARN_STRICT_PROTOTYPES = YES;
				CLANG_WARN_SUSPICIOUS_MOVE = YES;
				CLANG_WARN_UNGUARDED_AVAILABILITY = YES_AGGRESSIVE;
				CLANG_WARN_UNREACHABLE_CODE = YES;
				CLANG_WARN__DUPLICATE_METHOD_MATCH = YES;
				COPY_PHASE_STRIP = NO;
				DEBUG_INFORMATION_FORMAT = dwarf;
				ENABLE_STRICT_OBJC_MSGSEND = YES;
				ENABLE_TESTABILITY = YES;
				GCC_C_LANGUAGE_STANDARD = gnu11;
				GCC_DYNAMIC_NO_PIC = NO;
				GCC_NO_COMMON_BLOCKS = YES;
				GCC_OPTIMIZATION_LEVEL = 0;
				GCC_PREPROCESSOR_DEFINITIONS = (
					"DEBUG=1",
					"$(inherited)",
				);
				GCC_WARN_64_TO_32_BIT_CONVERSION = YES;
				GCC_WARN_ABOUT_RETURN_TYPE = YES_ERROR;
				GCC_WARN_UNDECLARED_SELECTOR = YES;
				GCC_WARN_UNINITIALIZED_AUTOS = YES_AGGRESSIVE;
				GCC_WARN_UNUSED_FUNCTION = YES;
				GCC_WARN_UNUSED_VARIABLE = YES;
				IPHONEOS_DEPLOYMENT_TARGET = 12.0;
				MTL_ENABLE_DEBUG_INFO = INCLUDE_SOURCE;
				MTL_FAST_MATH = YES;
				ONLY_ACTIVE_ARCH = YES;
				SDKROOT = iphoneos;
				SWIFT_ACTIVE_COMPILATION_CONDITIONS = DEBUG;
				SWIFT_OPTIMIZATION_LEVEL = "-Onone";
			};
			name = Debug;
		};
		CE8F90A72A20593D00BFAD0F /* Release */ = {
			isa = XCBuildConfiguration;
			buildSettings = {
				ALWAYS_SEARCH_USER_PATHS = NO;
				CLANG_ANALYZER_NONNULL = YES;
				CLANG_ANALYZER_NUMBER_OBJECT_CONVERSION = YES_AGGRESSIVE;
				CLANG_CXX_LANGUAGE_STANDARD = "gnu++20";
				CLANG_ENABLE_MODULES = YES;
				CLANG_ENABLE_OBJC_ARC = YES;
				CLANG_ENABLE_OBJC_WEAK = YES;
				CLANG_WARN_BLOCK_CAPTURE_AUTORELEASING = YES;
				CLANG_WARN_BOOL_CONVERSION = YES;
				CLANG_WARN_COMMA = YES;
				CLANG_WARN_CONSTANT_CONVERSION = YES;
				CLANG_WARN_DEPRECATED_OBJC_IMPLEMENTATIONS = YES;
				CLANG_WARN_DIRECT_OBJC_ISA_USAGE = YES_ERROR;
				CLANG_WARN_DOCUMENTATION_COMMENTS = YES;
				CLANG_WARN_EMPTY_BODY = YES;
				CLANG_WARN_ENUM_CONVERSION = YES;
				CLANG_WARN_INFINITE_RECURSION = YES;
				CLANG_WARN_INT_CONVERSION = YES;
				CLANG_WARN_NON_LITERAL_NULL_CONVERSION = YES;
				CLANG_WARN_OBJC_IMPLICIT_RETAIN_SELF = YES;
				CLANG_WARN_OBJC_LITERAL_CONVERSION = YES;
				CLANG_WARN_OBJC_ROOT_CLASS = YES_ERROR;
				CLANG_WARN_QUOTED_INCLUDE_IN_FRAMEWORK_HEADER = YES;
				CLANG_WARN_RANGE_LOOP_ANALYSIS = YES;
				CLANG_WARN_STRICT_PROTOTYPES = YES;
				CLANG_WARN_SUSPICIOUS_MOVE = YES;
				CLANG_WARN_UNGUARDED_AVAILABILITY = YES_AGGRESSIVE;
				CLANG_WARN_UNREACHABLE_CODE = YES;
				CLANG_WARN__DUPLICATE_METHOD_MATCH = YES;
				COPY_PHASE_STRIP = NO;
				DEBUG_INFORMATION_FORMAT = "dwarf-with-dsym";
				ENABLE_NS_ASSERTIONS = NO;
				ENABLE_STRICT_OBJC_MSGSEND = YES;
				GCC_C_LANGUAGE_STANDARD = gnu11;
				GCC_NO_COMMON_BLOCKS = YES;
				GCC_WARN_64_TO_32_BIT_CONVERSION = YES;
				GCC_WARN_ABOUT_RETURN_TYPE = YES_ERROR;
				GCC_WARN_UNDECLARED_SELECTOR = YES;
				GCC_WARN_UNINITIALIZED_AUTOS = YES_AGGRESSIVE;
				GCC_WARN_UNUSED_FUNCTION = YES;
				GCC_WARN_UNUSED_VARIABLE = YES;
				IPHONEOS_DEPLOYMENT_TARGET = 12.0;
				MTL_ENABLE_DEBUG_INFO = NO;
				MTL_FAST_MATH = YES;
				SDKROOT = iphoneos;
				SWIFT_COMPILATION_MODE = wholemodule;
				SWIFT_OPTIMIZATION_LEVEL = "-O";
				VALIDATE_PRODUCT = YES;
			};
			name = Release;
		};
		CE8F90A92A20593D00BFAD0F /* Debug */ = {
			isa = XCBuildConfiguration;
			buildSettings = {
				ASSETCATALOG_COMPILER_APPICON_NAME = AppIcon;
				ASSETCATALOG_COMPILER_GLOBAL_ACCENT_COLOR_NAME = AccentColor;
				CODE_SIGN_STYLE = Automatic;
				CURRENT_PROJECT_VERSION = 1;
				DEVELOPMENT_TEAM = 3Y42CSS8U6;
				GENERATE_INFOPLIST_FILE = YES;
				INFOPLIST_FILE = ImageGenerator/Info.plist;
				INFOPLIST_KEY_UIApplicationSupportsIndirectInputEvents = YES;
				INFOPLIST_KEY_UILaunchStoryboardName = LaunchScreen;
				INFOPLIST_KEY_UIMainStoryboardFile = "";
				INFOPLIST_KEY_UIStatusBarStyle = UIStatusBarStyleDarkContent;
				INFOPLIST_KEY_UISupportedInterfaceOrientations = UIInterfaceOrientationPortrait;
				INFOPLIST_KEY_UISupportedInterfaceOrientations_iPad = "UIInterfaceOrientationLandscapeLeft UIInterfaceOrientationLandscapeRight UIInterfaceOrientationPortrait UIInterfaceOrientationPortraitUpsideDown";
				IPHONEOS_DEPLOYMENT_TARGET = 12;
				LD_RUNPATH_SEARCH_PATHS = (
					"$(inherited)",
					"@executable_path/Frameworks",
				);
				MARKETING_VERSION = 1.0;
				PRODUCT_BUNDLE_IDENTIFIER = Viktoriya.ImageGenerator;
				PRODUCT_NAME = "$(TARGET_NAME)";
				SUPPORTED_PLATFORMS = "iphoneos iphonesimulator";
				SUPPORTS_MACCATALYST = NO;
				SUPPORTS_MAC_DESIGNED_FOR_IPHONE_IPAD = NO;
				SWIFT_EMIT_LOC_STRINGS = YES;
				SWIFT_VERSION = 5.0;
				TARGETED_DEVICE_FAMILY = 1;
			};
			name = Debug;
		};
		CE8F90AA2A20593D00BFAD0F /* Release */ = {
			isa = XCBuildConfiguration;
			buildSettings = {
				ASSETCATALOG_COMPILER_APPICON_NAME = AppIcon;
				ASSETCATALOG_COMPILER_GLOBAL_ACCENT_COLOR_NAME = AccentColor;
				CODE_SIGN_STYLE = Automatic;
				CURRENT_PROJECT_VERSION = 1;
				DEVELOPMENT_TEAM = 3Y42CSS8U6;
				GENERATE_INFOPLIST_FILE = YES;
				INFOPLIST_FILE = ImageGenerator/Info.plist;
				INFOPLIST_KEY_UIApplicationSupportsIndirectInputEvents = YES;
				INFOPLIST_KEY_UILaunchStoryboardName = LaunchScreen;
				INFOPLIST_KEY_UIMainStoryboardFile = "";
				INFOPLIST_KEY_UIStatusBarStyle = UIStatusBarStyleDarkContent;
				INFOPLIST_KEY_UISupportedInterfaceOrientations = UIInterfaceOrientationPortrait;
				INFOPLIST_KEY_UISupportedInterfaceOrientations_iPad = "UIInterfaceOrientationLandscapeLeft UIInterfaceOrientationLandscapeRight UIInterfaceOrientationPortrait UIInterfaceOrientationPortraitUpsideDown";
				IPHONEOS_DEPLOYMENT_TARGET = 12;
				LD_RUNPATH_SEARCH_PATHS = (
					"$(inherited)",
					"@executable_path/Frameworks",
				);
				MARKETING_VERSION = 1.0;
				PRODUCT_BUNDLE_IDENTIFIER = Viktoriya.ImageGenerator;
				PRODUCT_NAME = "$(TARGET_NAME)";
				SUPPORTED_PLATFORMS = "iphoneos iphonesimulator";
				SUPPORTS_MACCATALYST = NO;
				SUPPORTS_MAC_DESIGNED_FOR_IPHONE_IPAD = NO;
				SWIFT_EMIT_LOC_STRINGS = YES;
				SWIFT_VERSION = 5.0;
				TARGETED_DEVICE_FAMILY = 1;
			};
			name = Release;
		};
/* End XCBuildConfiguration section */

/* Begin XCConfigurationList section */
		CE8F908F2A20593C00BFAD0F /* Build configuration list for PBXProject "ImageGenerator" */ = {
			isa = XCConfigurationList;
			buildConfigurations = (
				CE8F90A62A20593D00BFAD0F /* Debug */,
				CE8F90A72A20593D00BFAD0F /* Release */,
			);
			defaultConfigurationIsVisible = 0;
			defaultConfigurationName = Release;
		};
		CE8F90A82A20593D00BFAD0F /* Build configuration list for PBXNativeTarget "ImageGenerator" */ = {
			isa = XCConfigurationList;
			buildConfigurations = (
				CE8F90A92A20593D00BFAD0F /* Debug */,
				CE8F90AA2A20593D00BFAD0F /* Release */,
			);
			defaultConfigurationIsVisible = 0;
			defaultConfigurationName = Release;
		};
/* End XCConfigurationList section */
	};
	rootObject = CE8F908C2A20593C00BFAD0F /* Project object */;
}
